// !$*UTF8*$!
{
	archiveVersion = 1;
	classes = {
	};
	objectVersion = 50;
	objects = {

/* Begin PBXBuildFile section */
		6F3263DE2699D8E700F98AAC /* Home.storyboard in Resources */ = {isa = PBXBuildFile; fileRef = 6F3263DD2699D8E700F98AAC /* Home.storyboard */; };
		6F3263E32699DA1000F98AAC /* Calendar.storyboard in Resources */ = {isa = PBXBuildFile; fileRef = 6F3263E22699DA1000F98AAC /* Calendar.storyboard */; };
		6F3263E82699DB4200F98AAC /* Add.storyboard in Resources */ = {isa = PBXBuildFile; fileRef = 6F3263E72699DB4200F98AAC /* Add.storyboard */; };
		6F3263F02699F27200F98AAC /* Main.storyboard in Resources */ = {isa = PBXBuildFile; fileRef = 6F3263EF2699F27100F98AAC /* Main.storyboard */; };
		6F3263F22699F27A00F98AAC /* LaunchScreen.storyboard in Resources */ = {isa = PBXBuildFile; fileRef = 6F3263F12699F27A00F98AAC /* LaunchScreen.storyboard */; };
		6F7630CF2698C0BC00BE2187 /* EventDetailViewController.swift in Sources */ = {isa = PBXBuildFile; fileRef = 6F7630CE2698C0BC00BE2187 /* EventDetailViewController.swift */; };
		6F7630D12698C0EB00BE2187 /* CacheManager.swift in Sources */ = {isa = PBXBuildFile; fileRef = 6F7630D02698C0EB00BE2187 /* CacheManager.swift */; };
		6FBA2AE3267C9F5E00B5A154 /* AppDelegate.swift in Sources */ = {isa = PBXBuildFile; fileRef = 6FBA2AE2267C9F5E00B5A154 /* AppDelegate.swift */; };
		6FBA2AE5267C9F5E00B5A154 /* SceneDelegate.swift in Sources */ = {isa = PBXBuildFile; fileRef = 6FBA2AE4267C9F5E00B5A154 /* SceneDelegate.swift */; };
		6FBA2AE7267C9F5E00B5A154 /* EventListViewController.swift in Sources */ = {isa = PBXBuildFile; fileRef = 6FBA2AE6267C9F5E00B5A154 /* EventListViewController.swift */; };
		6FBA2AEC267C9F6000B5A154 /* Assets.xcassets in Resources */ = {isa = PBXBuildFile; fileRef = 6FBA2AEB267C9F6000B5A154 /* Assets.xcassets */; };
		6FBA2AFE2695D67F00B5A154 /* EventRepository.swift in Sources */ = {isa = PBXBuildFile; fileRef = 6FBA2AFD2695D67F00B5A154 /* EventRepository.swift */; };
		6FBA2B012695D69D00B5A154 /* Event.swift in Sources */ = {isa = PBXBuildFile; fileRef = 6FBA2B002695D69D00B5A154 /* Event.swift */; };
		6FBA2B052695D6A000B5A154 /* Response.swift in Sources */ = {isa = PBXBuildFile; fileRef = 6FBA2B042695D6A000B5A154 /* Response.swift */; };
		6FC61A7E2699F5A6004DD222 /* TabBarViewController.swift in Sources */ = {isa = PBXBuildFile; fileRef = 6FC61A7D2699F5A6004DD222 /* TabBarViewController.swift */; };
		6FC61A832699F79E004DD222 /* Profile.storyboard in Resources */ = {isa = PBXBuildFile; fileRef = 6FC61A812699F79E004DD222 /* Profile.storyboard */; };
		6FC61A842699F79E004DD222 /* Groups.storyboard in Resources */ = {isa = PBXBuildFile; fileRef = 6FC61A822699F79E004DD222 /* Groups.storyboard */; };
		6FE184AA2695E76600C31115 /* backend.json in Resources */ = {isa = PBXBuildFile; fileRef = 6FBA2AFF2695D68800B5A154 /* backend.json */; };
		6FE184B42696FFAA00C31115 /* Constants.swift in Sources */ = {isa = PBXBuildFile; fileRef = 6FE184B32696FFAA00C31115 /* Constants.swift */; };
		6FE184B82697321100C31115 /* EventListCell.swift in Sources */ = {isa = PBXBuildFile; fileRef = 6FE184B72697321100C31115 /* EventListCell.swift */; };
		9D9F198426C1A1750027060F /* EventListDataSource.swift in Sources */ = {isa = PBXBuildFile; fileRef = 9D9F198326C1A1750027060F /* EventListDataSource.swift */; };
		9D9F198826C1A68F0027060F /* EventDetailDataSource.swift in Sources */ = {isa = PBXBuildFile; fileRef = 9D9F198726C1A68F0027060F /* EventDetailDataSource.swift */; };
/* End PBXBuildFile section */

/* Begin PBXFileReference section */
		6F3263DD2699D8E700F98AAC /* Home.storyboard */ = {isa = PBXFileReference; fileEncoding = 4; lastKnownFileType = file.storyboard; path = Home.storyboard; sourceTree = "<group>"; };
		6F3263E22699DA1000F98AAC /* Calendar.storyboard */ = {isa = PBXFileReference; fileEncoding = 4; lastKnownFileType = file.storyboard; path = Calendar.storyboard; sourceTree = "<group>"; };
		6F3263E72699DB4200F98AAC /* Add.storyboard */ = {isa = PBXFileReference; fileEncoding = 4; lastKnownFileType = file.storyboard; path = Add.storyboard; sourceTree = "<group>"; };
		6F3263EF2699F27100F98AAC /* Main.storyboard */ = {isa = PBXFileReference; fileEncoding = 4; lastKnownFileType = file.storyboard; path = Main.storyboard; sourceTree = "<group>"; };
		6F3263F12699F27A00F98AAC /* LaunchScreen.storyboard */ = {isa = PBXFileReference; fileEncoding = 4; lastKnownFileType = file.storyboard; path = LaunchScreen.storyboard; sourceTree = "<group>"; };
		6F7630CE2698C0BC00BE2187 /* EventDetailViewController.swift */ = {isa = PBXFileReference; lastKnownFileType = sourcecode.swift; path = EventDetailViewController.swift; sourceTree = "<group>"; };
		6F7630D02698C0EB00BE2187 /* CacheManager.swift */ = {isa = PBXFileReference; lastKnownFileType = sourcecode.swift; path = CacheManager.swift; sourceTree = "<group>"; };
		6FBA2ADF267C9F5E00B5A154 /* StudentApp.app */ = {isa = PBXFileReference; explicitFileType = wrapper.application; includeInIndex = 0; path = StudentApp.app; sourceTree = BUILT_PRODUCTS_DIR; };
		6FBA2AE2267C9F5E00B5A154 /* AppDelegate.swift */ = {isa = PBXFileReference; lastKnownFileType = sourcecode.swift; path = AppDelegate.swift; sourceTree = "<group>"; };
		6FBA2AE4267C9F5E00B5A154 /* SceneDelegate.swift */ = {isa = PBXFileReference; lastKnownFileType = sourcecode.swift; path = SceneDelegate.swift; sourceTree = "<group>"; };
		6FBA2AE6267C9F5E00B5A154 /* EventListViewController.swift */ = {isa = PBXFileReference; explicitFileType = sourcecode.swift; path = EventListViewController.swift; sourceTree = "<group>"; };
		6FBA2AEB267C9F6000B5A154 /* Assets.xcassets */ = {isa = PBXFileReference; lastKnownFileType = folder.assetcatalog; path = Assets.xcassets; sourceTree = "<group>"; };
		6FBA2AF0267C9F6000B5A154 /* Info.plist */ = {isa = PBXFileReference; lastKnownFileType = text.plist.xml; path = Info.plist; sourceTree = "<group>"; };
		6FBA2AFD2695D67F00B5A154 /* EventRepository.swift */ = {isa = PBXFileReference; lastKnownFileType = sourcecode.swift; path = EventRepository.swift; sourceTree = "<group>"; };
		6FBA2AFF2695D68800B5A154 /* backend.json */ = {isa = PBXFileReference; lastKnownFileType = text.json; path = backend.json; sourceTree = "<group>"; };
		6FBA2B002695D69D00B5A154 /* Event.swift */ = {isa = PBXFileReference; lastKnownFileType = sourcecode.swift; path = Event.swift; sourceTree = "<group>"; };
		6FBA2B042695D6A000B5A154 /* Response.swift */ = {isa = PBXFileReference; lastKnownFileType = sourcecode.swift; path = Response.swift; sourceTree = "<group>"; };
		6FC61A7D2699F5A6004DD222 /* TabBarViewController.swift */ = {isa = PBXFileReference; lastKnownFileType = sourcecode.swift; path = TabBarViewController.swift; sourceTree = "<group>"; };
		6FC61A812699F79E004DD222 /* Profile.storyboard */ = {isa = PBXFileReference; lastKnownFileType = file.storyboard; path = Profile.storyboard; sourceTree = "<group>"; };
		6FC61A822699F79E004DD222 /* Groups.storyboard */ = {isa = PBXFileReference; lastKnownFileType = file.storyboard; path = Groups.storyboard; sourceTree = "<group>"; };
		6FE184B32696FFAA00C31115 /* Constants.swift */ = {isa = PBXFileReference; lastKnownFileType = sourcecode.swift; path = Constants.swift; sourceTree = "<group>"; };
		6FE184B72697321100C31115 /* EventListCell.swift */ = {isa = PBXFileReference; lastKnownFileType = sourcecode.swift; path = EventListCell.swift; sourceTree = "<group>"; };
		9D9F198326C1A1750027060F /* EventListDataSource.swift */ = {isa = PBXFileReference; lastKnownFileType = sourcecode.swift; path = EventListDataSource.swift; sourceTree = "<group>"; };
		9D9F198726C1A68F0027060F /* EventDetailDataSource.swift */ = {isa = PBXFileReference; lastKnownFileType = sourcecode.swift; path = EventDetailDataSource.swift; sourceTree = "<group>"; };
/* End PBXFileReference section */

/* Begin PBXFrameworksBuildPhase section */
		6FBA2ADC267C9F5E00B5A154 /* Frameworks */ = {
			isa = PBXFrameworksBuildPhase;
			buildActionMask = 2147483647;
			files = (
			);
			runOnlyForDeploymentPostprocessing = 0;
		};
/* End PBXFrameworksBuildPhase section */

/* Begin PBXGroup section */
		6FBA2AD6267C9F5E00B5A154 = {
			isa = PBXGroup;
			children = (
				6FBA2AE1267C9F5E00B5A154 /* StudentApp */,
				6FBA2AE0267C9F5E00B5A154 /* Products */,
			);
			sourceTree = "<group>";
		};
		6FBA2AE0267C9F5E00B5A154 /* Products */ = {
			isa = PBXGroup;
			children = (
				6FBA2ADF267C9F5E00B5A154 /* StudentApp.app */,
			);
			name = Products;
			sourceTree = "<group>";
		};
		6FBA2AE1267C9F5E00B5A154 /* StudentApp */ = {
			isa = PBXGroup;
			children = (
				9D9F198226C1A1400027060F /* DataSources */,
				6FE184AD2695E96100C31115 /* Delegates */,
				6FE184B02695E98E00C31115 /* Storyboards */,
				6FE184B92697328B00C31115 /* Helpers */,
				6FE184B6269731E700C31115 /* Views */,
				6FE184AF2695E98100C31115 /* View Controllers */,
				6FE184AC2695E92400C31115 /* Repositories */,
				6FE184AB2695E90100C31115 /* Structs */,
				6FBA2AEB267C9F6000B5A154 /* Assets.xcassets */,
				6FBA2AF0267C9F6000B5A154 /* Info.plist */,
			);
			path = StudentApp;
			sourceTree = "<group>";
		};
		6FE184AB2695E90100C31115 /* Structs */ = {
			isa = PBXGroup;
			children = (
				6FBA2B002695D69D00B5A154 /* Event.swift */,
				6FBA2B042695D6A000B5A154 /* Response.swift */,
			);
			path = Structs;
			sourceTree = "<group>";
		};
		6FE184AC2695E92400C31115 /* Repositories */ = {
			isa = PBXGroup;
			children = (
				6FBA2AFD2695D67F00B5A154 /* EventRepository.swift */,
			);
			path = Repositories;
			sourceTree = "<group>";
		};
		6FE184AD2695E96100C31115 /* Delegates */ = {
			isa = PBXGroup;
			children = (
				6FBA2AE2267C9F5E00B5A154 /* AppDelegate.swift */,
				6FBA2AE4267C9F5E00B5A154 /* SceneDelegate.swift */,
			);
			path = Delegates;
			sourceTree = "<group>";
		};
		6FE184AF2695E98100C31115 /* View Controllers */ = {
			isa = PBXGroup;
			children = (
				6FBA2AE6267C9F5E00B5A154 /* EventListViewController.swift */,
				6F7630CE2698C0BC00BE2187 /* EventDetailViewController.swift */,
				6FC61A7D2699F5A6004DD222 /* TabBarViewController.swift */,
			);
			path = "View Controllers";
			sourceTree = "<group>";
		};
		6FE184B02695E98E00C31115 /* Storyboards */ = {
			isa = PBXGroup;
			children = (
				6F3263F12699F27A00F98AAC /* LaunchScreen.storyboard */,
				6F3263EF2699F27100F98AAC /* Main.storyboard */,
				6F3263DD2699D8E700F98AAC /* Home.storyboard */,
				6FC61A822699F79E004DD222 /* Groups.storyboard */,
				6F3263E72699DB4200F98AAC /* Add.storyboard */,
				6F3263E22699DA1000F98AAC /* Calendar.storyboard */,
				6FC61A812699F79E004DD222 /* Profile.storyboard */,
			);
			path = Storyboards;
			sourceTree = "<group>";
		};
		6FE184B6269731E700C31115 /* Views */ = {
			isa = PBXGroup;
			children = (
				6FE184B72697321100C31115 /* EventListCell.swift */,
			);
			path = Views;
			sourceTree = "<group>";
		};
		6FE184B92697328B00C31115 /* Helpers */ = {
			isa = PBXGroup;
			children = (
				6FE184B32696FFAA00C31115 /* Constants.swift */,
				6FBA2AFF2695D68800B5A154 /* backend.json */,
				6F7630D02698C0EB00BE2187 /* CacheManager.swift */,
			);
			path = Helpers;
			sourceTree = "<group>";
		};
		9D9F198226C1A1400027060F /* DataSources */ = {
			isa = PBXGroup;
			children = (
				9D9F198326C1A1750027060F /* EventListDataSource.swift */,
				9D9F198726C1A68F0027060F /* EventDetailDataSource.swift */,
			);
			path = DataSources;
			sourceTree = "<group>";
		};
/* End PBXGroup section */

/* Begin PBXNativeTarget section */
		6FBA2ADE267C9F5E00B5A154 /* StudentApp */ = {
			isa = PBXNativeTarget;
			buildConfigurationList = 6FBA2AF3267C9F6000B5A154 /* Build configuration list for PBXNativeTarget "StudentApp" */;
			buildPhases = (
				6FBA2ADB267C9F5E00B5A154 /* Sources */,
				6FBA2ADC267C9F5E00B5A154 /* Frameworks */,
				6FBA2ADD267C9F5E00B5A154 /* Resources */,
			);
			buildRules = (
			);
			dependencies = (
			);
			name = StudentApp;
			productName = StudentApp;
			productReference = 6FBA2ADF267C9F5E00B5A154 /* StudentApp.app */;
			productType = "com.apple.product-type.application";
		};
/* End PBXNativeTarget section */

/* Begin PBXProject section */
		6FBA2AD7267C9F5E00B5A154 /* Project object */ = {
			isa = PBXProject;
			attributes = {
				LastSwiftUpdateCheck = 1250;
				LastUpgradeCheck = 1250;
				TargetAttributes = {
					6FBA2ADE267C9F5E00B5A154 = {
						CreatedOnToolsVersion = 12.5;
					};
				};
			};
			buildConfigurationList = 6FBA2ADA267C9F5E00B5A154 /* Build configuration list for PBXProject "StudentApp" */;
			compatibilityVersion = "Xcode 9.3";
			developmentRegion = en;
			hasScannedForEncodings = 0;
			knownRegions = (
				en,
				Base,
			);
			mainGroup = 6FBA2AD6267C9F5E00B5A154;
			productRefGroup = 6FBA2AE0267C9F5E00B5A154 /* Products */;
			projectDirPath = "";
			projectRoot = "";
			targets = (
				6FBA2ADE267C9F5E00B5A154 /* StudentApp */,
			);
		};
/* End PBXProject section */

/* Begin PBXResourcesBuildPhase section */
		6FBA2ADD267C9F5E00B5A154 /* Resources */ = {
			isa = PBXResourcesBuildPhase;
			buildActionMask = 2147483647;
			files = (
				6FC61A832699F79E004DD222 /* Profile.storyboard in Resources */,
				6FC61A842699F79E004DD222 /* Groups.storyboard in Resources */,
				6F3263F22699F27A00F98AAC /* LaunchScreen.storyboard in Resources */,
				6FE184AA2695E76600C31115 /* backend.json in Resources */,
				6F3263DE2699D8E700F98AAC /* Home.storyboard in Resources */,
				6F3263F02699F27200F98AAC /* Main.storyboard in Resources */,
				6FBA2AEC267C9F6000B5A154 /* Assets.xcassets in Resources */,
				6F3263E82699DB4200F98AAC /* Add.storyboard in Resources */,
				6F3263E32699DA1000F98AAC /* Calendar.storyboard in Resources */,
			);
			runOnlyForDeploymentPostprocessing = 0;
		};
/* End PBXResourcesBuildPhase section */

/* Begin PBXSourcesBuildPhase section */
		6FBA2ADB267C9F5E00B5A154 /* Sources */ = {
			isa = PBXSourcesBuildPhase;
			buildActionMask = 2147483647;
			files = (
				6F7630CF2698C0BC00BE2187 /* EventDetailViewController.swift in Sources */,
				6FBA2AE7267C9F5E00B5A154 /* EventListViewController.swift in Sources */,
				6FC61A7E2699F5A6004DD222 /* TabBarViewController.swift in Sources */,
				6FBA2AE3267C9F5E00B5A154 /* AppDelegate.swift in Sources */,
				6FBA2AFE2695D67F00B5A154 /* EventRepository.swift in Sources */,
				6FBA2AE5267C9F5E00B5A154 /* SceneDelegate.swift in Sources */,
				6FBA2B012695D69D00B5A154 /* Event.swift in Sources */,
				6F7630D12698C0EB00BE2187 /* CacheManager.swift in Sources */,
				9D9F198826C1A68F0027060F /* EventDetailDataSource.swift in Sources */,
				6FBA2B052695D6A000B5A154 /* Response.swift in Sources */,
				9D9F198426C1A1750027060F /* EventListDataSource.swift in Sources */,
				6FE184B82697321100C31115 /* EventListCell.swift in Sources */,
				6FE184B42696FFAA00C31115 /* Constants.swift in Sources */,
			);
			runOnlyForDeploymentPostprocessing = 0;
		};
/* End PBXSourcesBuildPhase section */

/* Begin XCBuildConfiguration section */
		6FBA2AF1267C9F6000B5A154 /* Debug */ = {
			isa = XCBuildConfiguration;
			buildSettings = {
				ALWAYS_SEARCH_USER_PATHS = NO;
				CLANG_ANALYZER_NONNULL = YES;
				CLANG_ANALYZER_NUMBER_OBJECT_CONVERSION = YES_AGGRESSIVE;
				CLANG_CXX_LANGUAGE_STANDARD = "gnu++14";
				CLANG_CXX_LIBRARY = "libc++";
				CLANG_ENABLE_MODULES = YES;
				CLANG_ENABLE_OBJC_ARC = YES;
				CLANG_ENABLE_OBJC_WEAK = YES;
				CLANG_WARN_BLOCK_CAPTURE_AUTORELEASING = YES;
				CLANG_WARN_BOOL_CONVERSION = YES;
				CLANG_WARN_COMMA = YES;
				CLANG_WARN_CONSTANT_CONVERSION = YES;
				CLANG_WARN_DEPRECATED_OBJC_IMPLEMENTATIONS = YES;
				CLANG_WARN_DIRECT_OBJC_ISA_USAGE = YES_ERROR;
				CLANG_WARN_DOCUMENTATION_COMMENTS = YES;
				CLANG_WARN_EMPTY_BODY = YES;
				CLANG_WARN_ENUM_CONVERSION = YES;
				CLANG_WARN_INFINITE_RECURSION = YES;
				CLANG_WARN_INT_CONVERSION = YES;
				CLANG_WARN_NON_LITERAL_NULL_CONVERSION = YES;
				CLANG_WARN_OBJC_IMPLICIT_RETAIN_SELF = YES;
				CLANG_WARN_OBJC_LITERAL_CONVERSION = YES;
				CLANG_WARN_OBJC_ROOT_CLASS = YES_ERROR;
				CLANG_WARN_QUOTED_INCLUDE_IN_FRAMEWORK_HEADER = YES;
				CLANG_WARN_RANGE_LOOP_ANALYSIS = YES;
				CLANG_WARN_STRICT_PROTOTYPES = YES;
				CLANG_WARN_SUSPICIOUS_MOVE = YES;
				CLANG_WARN_UNGUARDED_AVAILABILITY = YES_AGGRESSIVE;
				CLANG_WARN_UNREACHABLE_CODE = YES;
				CLANG_WARN__DUPLICATE_METHOD_MATCH = YES;
				COPY_PHASE_STRIP = NO;
				DEBUG_INFORMATION_FORMAT = dwarf;
				ENABLE_STRICT_OBJC_MSGSEND = YES;
				ENABLE_TESTABILITY = YES;
				GCC_C_LANGUAGE_STANDARD = gnu11;
				GCC_DYNAMIC_NO_PIC = NO;
				GCC_NO_COMMON_BLOCKS = YES;
				GCC_OPTIMIZATION_LEVEL = 0;
				GCC_PREPROCESSOR_DEFINITIONS = (
					"DEBUG=1",
					"$(inherited)",
				);
				GCC_WARN_64_TO_32_BIT_CONVERSION = YES;
				GCC_WARN_ABOUT_RETURN_TYPE = YES_ERROR;
				GCC_WARN_UNDECLARED_SELECTOR = YES;
				GCC_WARN_UNINITIALIZED_AUTOS = YES_AGGRESSIVE;
				GCC_WARN_UNUSED_FUNCTION = YES;
				GCC_WARN_UNUSED_VARIABLE = YES;
				IPHONEOS_DEPLOYMENT_TARGET = 14.5;
				MTL_ENABLE_DEBUG_INFO = INCLUDE_SOURCE;
				MTL_FAST_MATH = YES;
				ONLY_ACTIVE_ARCH = YES;
				SDKROOT = iphoneos;
				SWIFT_ACTIVE_COMPILATION_CONDITIONS = DEBUG;
				SWIFT_OPTIMIZATION_LEVEL = "-Onone";
			};
			name = Debug;
		};
		6FBA2AF2267C9F6000B5A154 /* Release */ = {
			isa = XCBuildConfiguration;
			buildSettings = {
				ALWAYS_SEARCH_USER_PATHS = NO;
				CLANG_ANALYZER_NONNULL = YES;
				CLANG_ANALYZER_NUMBER_OBJECT_CONVERSION = YES_AGGRESSIVE;
				CLANG_CXX_LANGUAGE_STANDARD = "gnu++14";
				CLANG_CXX_LIBRARY = "libc++";
				CLANG_ENABLE_MODULES = YES;
				CLANG_ENABLE_OBJC_ARC = YES;
				CLANG_ENABLE_OBJC_WEAK = YES;
				CLANG_WARN_BLOCK_CAPTURE_AUTORELEASING = YES;
				CLANG_WARN_BOOL_CONVERSION = YES;
				CLANG_WARN_COMMA = YES;
				CLANG_WARN_CONSTANT_CONVERSION = YES;
				CLANG_WARN_DEPRECATED_OBJC_IMPLEMENTATIONS = YES;
				CLANG_WARN_DIRECT_OBJC_ISA_USAGE = YES_ERROR;
				CLANG_WARN_DOCUMENTATION_COMMENTS = YES;
				CLANG_WARN_EMPTY_BODY = YES;
				CLANG_WARN_ENUM_CONVERSION = YES;
				CLANG_WARN_INFINITE_RECURSION = YES;
				CLANG_WARN_INT_CONVERSION = YES;
				CLANG_WARN_NON_LITERAL_NULL_CONVERSION = YES;
				CLANG_WARN_OBJC_IMPLICIT_RETAIN_SELF = YES;
				CLANG_WARN_OBJC_LITERAL_CONVERSION = YES;
				CLANG_WARN_OBJC_ROOT_CLASS = YES_ERROR;
				CLANG_WARN_QUOTED_INCLUDE_IN_FRAMEWORK_HEADER = YES;
				CLANG_WARN_RANGE_LOOP_ANALYSIS = YES;
				CLANG_WARN_STRICT_PROTOTYPES = YES;
				CLANG_WARN_SUSPICIOUS_MOVE = YES;
				CLANG_WARN_UNGUARDED_AVAILABILITY = YES_AGGRESSIVE;
				CLANG_WARN_UNREACHABLE_CODE = YES;
				CLANG_WARN__DUPLICATE_METHOD_MATCH = YES;
				COPY_PHASE_STRIP = NO;
				DEBUG_INFORMATION_FORMAT = "dwarf-with-dsym";
				ENABLE_NS_ASSERTIONS = NO;
				ENABLE_STRICT_OBJC_MSGSEND = YES;
				GCC_C_LANGUAGE_STANDARD = gnu11;
				GCC_NO_COMMON_BLOCKS = YES;
				GCC_WARN_64_TO_32_BIT_CONVERSION = YES;
				GCC_WARN_ABOUT_RETURN_TYPE = YES_ERROR;
				GCC_WARN_UNDECLARED_SELECTOR = YES;
				GCC_WARN_UNINITIALIZED_AUTOS = YES_AGGRESSIVE;
				GCC_WARN_UNUSED_FUNCTION = YES;
				GCC_WARN_UNUSED_VARIABLE = YES;
				IPHONEOS_DEPLOYMENT_TARGET = 14.5;
				MTL_ENABLE_DEBUG_INFO = NO;
				MTL_FAST_MATH = YES;
				SDKROOT = iphoneos;
				SWIFT_COMPILATION_MODE = wholemodule;
				SWIFT_OPTIMIZATION_LEVEL = "-O";
				VALIDATE_PRODUCT = YES;
			};
			name = Release;
		};
		6FBA2AF4267C9F6000B5A154 /* Debug */ = {
			isa = XCBuildConfiguration;
			buildSettings = {
				ASSETCATALOG_COMPILER_APPICON_NAME = AppIcon;
				ASSETCATALOG_COMPILER_GLOBAL_ACCENT_COLOR_NAME = AccentColor;
				CODE_SIGN_STYLE = Automatic;
				INFOPLIST_FILE = StudentApp/Info.plist;
				LD_RUNPATH_SEARCH_PATHS = (
					"$(inherited)",
					"@executable_path/Frameworks",
				);
				PRODUCT_BUNDLE_IDENTIFIER = com.JanneVS.StudentApp;
				PRODUCT_NAME = "$(TARGET_NAME)";
				SWIFT_VERSION = 5.0;
				TARGETED_DEVICE_FAMILY = "1,2";
			};
			name = Debug;
		};
		6FBA2AF5267C9F6000B5A154 /* Release */ = {
			isa = XCBuildConfiguration;
			buildSettings = {
				ASSETCATALOG_COMPILER_APPICON_NAME = AppIcon;
				ASSETCATALOG_COMPILER_GLOBAL_ACCENT_COLOR_NAME = AccentColor;
				CODE_SIGN_STYLE = Automatic;
				INFOPLIST_FILE = StudentApp/Info.plist;
				LD_RUNPATH_SEARCH_PATHS = (
					"$(inherited)",
					"@executable_path/Frameworks",
				);
				PRODUCT_BUNDLE_IDENTIFIER = com.JanneVS.StudentApp;
				PRODUCT_NAME = "$(TARGET_NAME)";
				SWIFT_VERSION = 5.0;
				TARGETED_DEVICE_FAMILY = "1,2";
			};
			name = Release;
		};
/* End XCBuildConfiguration section */

/* Begin XCConfigurationList section */
		6FBA2ADA267C9F5E00B5A154 /* Build configuration list for PBXProject "StudentApp" */ = {
			isa = XCConfigurationList;
			buildConfigurations = (
				6FBA2AF1267C9F6000B5A154 /* Debug */,
				6FBA2AF2267C9F6000B5A154 /* Release */,
			);
			defaultConfigurationIsVisible = 0;
			defaultConfigurationName = Release;
		};
		6FBA2AF3267C9F6000B5A154 /* Build configuration list for PBXNativeTarget "StudentApp" */ = {
			isa = XCConfigurationList;
			buildConfigurations = (
				6FBA2AF4267C9F6000B5A154 /* Debug */,
				6FBA2AF5267C9F6000B5A154 /* Release */,
			);
			defaultConfigurationIsVisible = 0;
			defaultConfigurationName = Release;
		};
/* End XCConfigurationList section */
	};
	rootObject = 6FBA2AD7267C9F5E00B5A154 /* Project object */;
}
